
Microsoft Visual Studio Solution File, Format Version 12.00
# Visual Studio 15
VisualStudioVersion = 15.0.27703.2042
MinimumVisualStudioVersion = 10.0.40219.1
Project("{9A19103F-16F7-4668-BE54-9A1E7A4F7556}") = "Anagram", "Anagram\Anagram.csproj", "{940A2A84-DF80-4D43-8B02-C796B973C96E}"
EndProject
Project("{9A19103F-16F7-4668-BE54-9A1E7A4F7556}") = "PascalTriangleApp", "PascalTriangleApp\PascalTriangleApp.csproj", "{51FF19F0-214D-4790-A2DB-A98AF6DD79EE}"
EndProject
Project("{9A19103F-16F7-4668-BE54-9A1E7A4F7556}") = "StreamTransform", "StreamTransform\StreamTransform.csproj", "{CEE81E07-D320-4022-B6F0-3BBD50460DC9}"
EndProject
Global
	GlobalSection(SolutionConfigurationPlatforms) = preSolution
		Debug|Any CPU = Debug|Any CPU
		Release|Any CPU = Release|Any CPU
	EndGlobalSection
	GlobalSection(ProjectConfigurationPlatforms) = postSolution
		{940A2A84-DF80-4D43-8B02-C796B973C96E}.Debug|Any CPU.ActiveCfg = Debug|Any CPU
		{940A2A84-DF80-4D43-8B02-C796B973C96E}.Debug|Any CPU.Build.0 = Debug|Any CPU
		{940A2A84-DF80-4D43-8B02-C796B973C96E}.Release|Any CPU.ActiveCfg = Release|Any CPU
		{940A2A84-DF80-4D43-8B02-C796B973C96E}.Release|Any CPU.Build.0 = Release|Any CPU
		{51FF19F0-214D-4790-A2DB-A98AF6DD79EE}.Debug|Any CPU.ActiveCfg = Debug|Any CPU
		{51FF19F0-214D-4790-A2DB-A98AF6DD79EE}.Debug|Any CPU.Build.0 = Debug|Any CPU
		{51FF19F0-214D-4790-A2DB-A98AF6DD79EE}.Release|Any CPU.ActiveCfg = Release|Any CPU
		{51FF19F0-214D-4790-A2DB-A98AF6DD79EE}.Release|Any CPU.Build.0 = Release|Any CPU
		{CEE81E07-D320-4022-B6F0-3BBD50460DC9}.Debug|Any CPU.ActiveCfg = Debug|Any CPU
		{CEE81E07-D320-4022-B6F0-3BBD50460DC9}.Debug|Any CPU.Build.0 = Debug|Any CPU
		{CEE81E07-D320-4022-B6F0-3BBD50460DC9}.Release|Any CPU.ActiveCfg = Release|Any CPU
		{CEE81E07-D320-4022-B6F0-3BBD50460DC9}.Release|Any CPU.Build.0 = Release|Any CPU
	EndGlobalSection
	GlobalSection(SolutionProperties) = preSolution
		HideSolutionNode = FALSE
	EndGlobalSection
	GlobalSection(ExtensibilityGlobals) = postSolution
		SolutionGuid = {3E6E0B47-BF84-4C88-A2EF-739530E3C384}
	EndGlobalSection
EndGlobal
